Microsoft Visual Studio Solution File, Format Version 12.00
# Visual Studio Version 17
VisualStudioVersion = 17.5.2.0
MinimumVisualStudioVersion = 10.0.40219.1
Project("{FAE04EC0-301F-11D3-BF4B-00C04F79EFBC}") = "PokemonBattle.Api", "PokemonBattle.Api.csproj", "{D6F0827E-25F2-60B2-4945-C2A5DF3D832B}"
EndProject
Global
	GlobalSection(SolutionConfigurationPlatforms) = preSolution
		Debug|Any CPU = Debug|Any CPU
		Release|Any CPU = Release|Any CPU
	EndGlobalSection
	GlobalSection(ProjectConfigurationPlatforms) = postSolution
		{D6F0827E-25F2-60B2-4945-C2A5DF3D832B}.Debug|Any CPU.ActiveCfg = Debug|Any CPU
		{D6F0827E-25F2-60B2-4945-C2A5DF3D832B}.Debug|Any CPU.Build.0 = Debug|Any CPU
		{D6F0827E-25F2-60B2-4945-C2A5DF3D832B}.Release|Any CPU.ActiveCfg = Release|Any CPU
		{D6F0827E-25F2-60B2-4945-C2A5DF3D832B}.Release|Any CPU.Build.0 = Release|Any CPU
	EndGlobalSection
	GlobalSection(SolutionProperties) = preSolution
		HideSolutionNode = FALSE
	EndGlobalSection
	GlobalSection(ExtensibilityGlobals) = postSolution
		SolutionGuid = {038A1D40-E347-4C6E-BE12-A3733F9133E1}
	EndGlobalSection
EndGlobal
